
Microsoft Visual Studio Solution File, Format Version 12.00
# Visual Studio Version 16
VisualStudioVersion = 16.0.31229.75
MinimumVisualStudioVersion = 10.0.40219.1
Project("{8BC9CEB8-8B4A-11D0-8D11-00A0C91BC942}") = "Project7C", "Project7C\Project7C.vcxproj", "{156AD493-2DAC-4D5F-8697-9418A12662B9}"
EndProject
Global
	GlobalSection(SolutionConfigurationPlatforms) = preSolution
		Debug|x64 = Debug|x64
		Debug|x86 = Debug|x86
		Release|x64 = Release|x64
		Release|x86 = Release|x86
	EndGlobalSection
	GlobalSection(ProjectConfigurationPlatforms) = postSolution
		{156AD493-2DAC-4D5F-8697-9418A12662B9}.Debug|x64.ActiveCfg = Debug|x64
		{156AD493-2DAC-4D5F-8697-9418A12662B9}.Debug|x64.Build.0 = Debug|x64
		{156AD493-2DAC-4D5F-8697-9418A12662B9}.Debug|x86.ActiveCfg = Debug|Win32
		{156AD493-2DAC-4D5F-8697-9418A12662B9}.Debug|x86.Build.0 = Debug|Win32
		{156AD493-2DAC-4D5F-8697-9418A12662B9}.Release|x64.ActiveCfg = Release|x64
		{156AD493-2DAC-4D5F-8697-9418A12662B9}.Release|x64.Build.0 = Release|x64
		{156AD493-2DAC-4D5F-8697-9418A12662B9}.Release|x86.ActiveCfg = Release|Win32
		{156AD493-2DAC-4D5F-8697-9418A12662B9}.Release|x86.Build.0 = Release|Win32
	EndGlobalSection
	GlobalSection(SolutionProperties) = preSolution
		HideSolutionNode = FALSE
	EndGlobalSection
	GlobalSection(ExtensibilityGlobals) = postSolution
		SolutionGuid = {B5806F89-7C76-44B6-A90F-33D3DC12D160}
	EndGlobalSection
EndGlobal
